
Microsoft Visual Studio Solution File, Format Version 11.00
# Visual Studio 2010
Project("{FAE04EC0-301F-11D3-BF4B-00C04F79EFBC}") = "CheckBook", "CheckBook\CheckBook.csproj", "{0C8F25EF-7F13-4E01-96EE-49034205AC3B}"
EndProject
Project("{FAE04EC0-301F-11D3-BF4B-00C04F79EFBC}") = "Checkbook.Business", "Checkbook.Business\Checkbook.Business.csproj", "{7D4271BB-914B-44F2-B643-2AE5ACDFFEE0}"
EndProject
Project("{FAE04EC0-301F-11D3-BF4B-00C04F79EFBC}") = "Checkbook.Data", "Checkbook.Data\Checkbook.Data.csproj", "{6702B359-ACC9-4C11-B3B6-5C2D166674B3}"
EndProject
Global
	GlobalSection(SolutionConfigurationPlatforms) = preSolution
		Debug|Any CPU = Debug|Any CPU
		Release|Any CPU = Release|Any CPU
	EndGlobalSection
	GlobalSection(ProjectConfigurationPlatforms) = postSolution
		{0C8F25EF-7F13-4E01-96EE-49034205AC3B}.Debug|Any CPU.ActiveCfg = Debug|Any CPU
		{0C8F25EF-7F13-4E01-96EE-49034205AC3B}.Debug|Any CPU.Build.0 = Debug|Any CPU
		{0C8F25EF-7F13-4E01-96EE-49034205AC3B}.Release|Any CPU.ActiveCfg = Release|Any CPU
		{0C8F25EF-7F13-4E01-96EE-49034205AC3B}.Release|Any CPU.Build.0 = Release|Any CPU
		{7D4271BB-914B-44F2-B643-2AE5ACDFFEE0}.Debug|Any CPU.ActiveCfg = Debug|Any CPU
		{7D4271BB-914B-44F2-B643-2AE5ACDFFEE0}.Debug|Any CPU.Build.0 = Debug|Any CPU
		{7D4271BB-914B-44F2-B643-2AE5ACDFFEE0}.Release|Any CPU.ActiveCfg = Release|Any CPU
		{7D4271BB-914B-44F2-B643-2AE5ACDFFEE0}.Release|Any CPU.Build.0 = Release|Any CPU
		{6702B359-ACC9-4C11-B3B6-5C2D166674B3}.Debug|Any CPU.ActiveCfg = Debug|Any CPU
		{6702B359-ACC9-4C11-B3B6-5C2D166674B3}.Debug|Any CPU.Build.0 = Debug|Any CPU
		{6702B359-ACC9-4C11-B3B6-5C2D166674B3}.Release|Any CPU.ActiveCfg = Release|Any CPU
		{6702B359-ACC9-4C11-B3B6-5C2D166674B3}.Release|Any CPU.Build.0 = Release|Any CPU
	EndGlobalSection
	GlobalSection(SolutionProperties) = preSolution
		HideSolutionNode = FALSE
	EndGlobalSection
EndGlobal
